
Microsoft Visual Studio Solution File, Format Version 12.00
# Visual Studio Version 16
VisualStudioVersion = 16.0.29411.108
MinimumVisualStudioVersion = 10.0.40219.1
Project("{FAE04EC0-301F-11D3-BF4B-00C04F79EFBC}") = "Kasyno - KCK", "Kasyno - KCK.csproj", "{20A73677-607F-4C1A-A377-FD9ECF2959BC}"
EndProject
Global
	GlobalSection(SolutionConfigurationPlatforms) = preSolution
		Debug|Any CPU = Debug|Any CPU
		Release|Any CPU = Release|Any CPU
	EndGlobalSection
	GlobalSection(ProjectConfigurationPlatforms) = postSolution
		{20A73677-607F-4C1A-A377-FD9ECF2959BC}.Debug|Any CPU.ActiveCfg = Debug|Any CPU
		{20A73677-607F-4C1A-A377-FD9ECF2959BC}.Debug|Any CPU.Build.0 = Debug|Any CPU
		{20A73677-607F-4C1A-A377-FD9ECF2959BC}.Release|Any CPU.ActiveCfg = Release|Any CPU
		{20A73677-607F-4C1A-A377-FD9ECF2959BC}.Release|Any CPU.Build.0 = Release|Any CPU
	EndGlobalSection
	GlobalSection(SolutionProperties) = preSolution
		HideSolutionNode = FALSE
	EndGlobalSection
	GlobalSection(ExtensibilityGlobals) = postSolution
		SolutionGuid = {63E34678-1F7D-4479-94A5-48D703AF783E}
	EndGlobalSection
EndGlobal
